// !$*UTF8*$!
{
	archiveVersion = 1;
	classes = {
	};
	objectVersion = 50;
	objects = {

/* Begin PBXBuildFile section */
		9B4DF3B92416E991007F8DC5 /* AddNewHydroBillViewController.swift in Sources */ = {isa = PBXBuildFile; fileRef = 9B4DF3B82416E991007F8DC5 /* AddNewHydroBillViewController.swift */; };
		9B4DF3BB2416EB73007F8DC5 /* Bill.swift in Sources */ = {isa = PBXBuildFile; fileRef = 9B4DF3BA2416EB73007F8DC5 /* Bill.swift */; };
		9B4DF3BD2416EBF6007F8DC5 /* Internet.swift in Sources */ = {isa = PBXBuildFile; fileRef = 9B4DF3BC2416EBF6007F8DC5 /* Internet.swift */; };
		9B4DF3BF2416EC66007F8DC5 /* Mobile.swift in Sources */ = {isa = PBXBuildFile; fileRef = 9B4DF3BE2416EC66007F8DC5 /* Mobile.swift */; };
		9B4DF3C12416EC9A007F8DC5 /* Hydro.swift in Sources */ = {isa = PBXBuildFile; fileRef = 9B4DF3C02416EC9A007F8DC5 /* Hydro.swift */; };
		EE032ADE24122D840000E23E /* Extensions.swift in Sources */ = {isa = PBXBuildFile; fileRef = EE032ADD24122D840000E23E /* Extensions.swift */; };
		EE0C157D24142387009B303C /* AddNewCustomerViewController.swift in Sources */ = {isa = PBXBuildFile; fileRef = EE0C157C24142387009B303C /* AddNewCustomerViewController.swift */; };
		EE0C157F24142D51009B303C /* DataStorage.swift in Sources */ = {isa = PBXBuildFile; fileRef = EE0C157E24142D51009B303C /* DataStorage.swift */; };
		EE2BE15724136B5D00357A27 /* Customer.swift in Sources */ = {isa = PBXBuildFile; fileRef = EE2BE15624136B5D00357A27 /* Customer.swift */; };
		EE2BE15924136F8000357A27 /* ShowBillDetailsViewController.swift in Sources */ = {isa = PBXBuildFile; fileRef = EE2BE15824136F8000357A27 /* ShowBillDetailsViewController.swift */; };
		EE6EBF0D2411A63B00FF12C9 /* AppDelegate.swift in Sources */ = {isa = PBXBuildFile; fileRef = EE6EBF0C2411A63B00FF12C9 /* AppDelegate.swift */; };
		EE6EBF0F2411A63B00FF12C9 /* SceneDelegate.swift in Sources */ = {isa = PBXBuildFile; fileRef = EE6EBF0E2411A63B00FF12C9 /* SceneDelegate.swift */; };
		EE6EBF142411A63B00FF12C9 /* Main.storyboard in Resources */ = {isa = PBXBuildFile; fileRef = EE6EBF122411A63B00FF12C9 /* Main.storyboard */; };
		EE6EBF162411A63C00FF12C9 /* Assets.xcassets in Resources */ = {isa = PBXBuildFile; fileRef = EE6EBF152411A63C00FF12C9 /* Assets.xcassets */; };
		EE6EBF192411A63C00FF12C9 /* LaunchScreen.storyboard in Resources */ = {isa = PBXBuildFile; fileRef = EE6EBF172411A63C00FF12C9 /* LaunchScreen.storyboard */; };
		EE6EBF222411AE7A00FF12C9 /* Bill-512.png in Resources */ = {isa = PBXBuildFile; fileRef = EE6EBF212411AE7900FF12C9 /* Bill-512.png */; };
		EE6EBF242411AEF700FF12C9 /* LoginViewController.swift in Sources */ = {isa = PBXBuildFile; fileRef = EE6EBF232411AEF700FF12C9 /* LoginViewController.swift */; };
		EEB79EEC24132EB700AD0D36 /* CustomerListViewController.swift in Sources */ = {isa = PBXBuildFile; fileRef = EEB79EEB24132EB700AD0D36 /* CustomerListViewController.swift */; };
/* End PBXBuildFile section */

/* Begin PBXFileReference section */
		9B4DF3B82416E991007F8DC5 /* AddNewHydroBillViewController.swift */ = {isa = PBXFileReference; lastKnownFileType = sourcecode.swift; path = AddNewHydroBillViewController.swift; sourceTree = "<group>"; };
		9B4DF3BA2416EB73007F8DC5 /* Bill.swift */ = {isa = PBXFileReference; lastKnownFileType = sourcecode.swift; path = Bill.swift; sourceTree = "<group>"; };
		9B4DF3BC2416EBF6007F8DC5 /* Internet.swift */ = {isa = PBXFileReference; lastKnownFileType = sourcecode.swift; path = Internet.swift; sourceTree = "<group>"; };
		9B4DF3BE2416EC66007F8DC5 /* Mobile.swift */ = {isa = PBXFileReference; lastKnownFileType = sourcecode.swift; path = Mobile.swift; sourceTree = "<group>"; };
		9B4DF3C02416EC9A007F8DC5 /* Hydro.swift */ = {isa = PBXFileReference; lastKnownFileType = sourcecode.swift; path = Hydro.swift; sourceTree = "<group>"; };
		EE032ADD24122D840000E23E /* Extensions.swift */ = {isa = PBXFileReference; lastKnownFileType = sourcecode.swift; path = Extensions.swift; sourceTree = "<group>"; };
		EE0C157C24142387009B303C /* AddNewCustomerViewController.swift */ = {isa = PBXFileReference; lastKnownFileType = sourcecode.swift; path = AddNewCustomerViewController.swift; sourceTree = "<group>"; };
		EE0C157E24142D51009B303C /* DataStorage.swift */ = {isa = PBXFileReference; lastKnownFileType = sourcecode.swift; path = DataStorage.swift; sourceTree = "<group>"; };
		EE2BE15624136B5D00357A27 /* Customer.swift */ = {isa = PBXFileReference; lastKnownFileType = sourcecode.swift; path = Customer.swift; sourceTree = "<group>"; };
		EE2BE15824136F8000357A27 /* ShowBillDetailsViewController.swift */ = {isa = PBXFileReference; lastKnownFileType = sourcecode.swift; path = ShowBillDetailsViewController.swift; sourceTree = "<group>"; };
		EE6EBF092411A63B00FF12C9 /* C0766552_MidTerm_MAD3115W2020.app */ = {isa = PBXFileReference; explicitFileType = wrapper.application; includeInIndex = 0; path = C0766552_MidTerm_MAD3115W2020.app; sourceTree = BUILT_PRODUCTS_DIR; };
		EE6EBF0C2411A63B00FF12C9 /* AppDelegate.swift */ = {isa = PBXFileReference; lastKnownFileType = sourcecode.swift; path = AppDelegate.swift; sourceTree = "<group>"; };
		EE6EBF0E2411A63B00FF12C9 /* SceneDelegate.swift */ = {isa = PBXFileReference; lastKnownFileType = sourcecode.swift; path = SceneDelegate.swift; sourceTree = "<group>"; };
		EE6EBF132411A63B00FF12C9 /* Base */ = {isa = PBXFileReference; lastKnownFileType = file.storyboard; name = Base; path = Base.lproj/Main.storyboard; sourceTree = "<group>"; };
		EE6EBF152411A63C00FF12C9 /* Assets.xcassets */ = {isa = PBXFileReference; lastKnownFileType = folder.assetcatalog; path = Assets.xcassets; sourceTree = "<group>"; };
		EE6EBF182411A63C00FF12C9 /* Base */ = {isa = PBXFileReference; lastKnownFileType = file.storyboard; name = Base; path = Base.lproj/LaunchScreen.storyboard; sourceTree = "<group>"; };
		EE6EBF1A2411A63C00FF12C9 /* Info.plist */ = {isa = PBXFileReference; lastKnownFileType = text.plist.xml; path = Info.plist; sourceTree = "<group>"; };
		EE6EBF212411AE7900FF12C9 /* Bill-512.png */ = {isa = PBXFileReference; lastKnownFileType = image.png; path = "Bill-512.png"; sourceTree = "<group>"; };
		EE6EBF232411AEF700FF12C9 /* LoginViewController.swift */ = {isa = PBXFileReference; lastKnownFileType = sourcecode.swift; path = LoginViewController.swift; sourceTree = "<group>"; };
		EEB79EEB24132EB700AD0D36 /* CustomerListViewController.swift */ = {isa = PBXFileReference; lastKnownFileType = sourcecode.swift; path = CustomerListViewController.swift; sourceTree = "<group>"; };
/* End PBXFileReference section */

/* Begin PBXFrameworksBuildPhase section */
		EE6EBF062411A63B00FF12C9 /* Frameworks */ = {
			isa = PBXFrameworksBuildPhase;
			buildActionMask = 2147483647;
			files = (
			);
			runOnlyForDeploymentPostprocessing = 0;
		};
/* End PBXFrameworksBuildPhase section */

/* Begin PBXGroup section */
		9B4DF3C22416F136007F8DC5 /* View Controllers */ = {
			isa = PBXGroup;
			children = (
				EE6EBF232411AEF700FF12C9 /* LoginViewController.swift */,
				EEB79EEB24132EB700AD0D36 /* CustomerListViewController.swift */,
				EE2BE15824136F8000357A27 /* ShowBillDetailsViewController.swift */,
				EE0C157C24142387009B303C /* AddNewCustomerViewController.swift */,
				9B4DF3B82416E991007F8DC5 /* AddNewHydroBillViewController.swift */,
			);
			path = "View Controllers";
			sourceTree = "<group>";
		};
		9B4DF3C32416F268007F8DC5 /* Bill */ = {
			isa = PBXGroup;
			children = (
				9B4DF3BA2416EB73007F8DC5 /* Bill.swift */,
				9B4DF3BC2416EBF6007F8DC5 /* Internet.swift */,
				9B4DF3BE2416EC66007F8DC5 /* Mobile.swift */,
				9B4DF3C02416EC9A007F8DC5 /* Hydro.swift */,
			);
			path = Bill;
			sourceTree = "<group>";
		};
		EE6EBF002411A63B00FF12C9 = {
			isa = PBXGroup;
			children = (
				EE6EBF0B2411A63B00FF12C9 /* C0766552_MidTerm_MAD3115W2020 */,
				EE6EBF0A2411A63B00FF12C9 /* Products */,
			);
			sourceTree = "<group>";
		};
		EE6EBF0A2411A63B00FF12C9 /* Products */ = {
			isa = PBXGroup;
			children = (
				EE6EBF092411A63B00FF12C9 /* C0766552_MidTerm_MAD3115W2020.app */,
			);
			name = Products;
			sourceTree = "<group>";
		};
		EE6EBF0B2411A63B00FF12C9 /* C0766552_MidTerm_MAD3115W2020 */ = {
			isa = PBXGroup;
			children = (
				9B4DF3C22416F136007F8DC5 /* View Controllers */,
				EE6EBF202411AA6A00FF12C9 /* Images */,
				9B4DF3C32416F268007F8DC5 /* Bill */,
				EE6EBF0C2411A63B00FF12C9 /* AppDelegate.swift */,
				EE6EBF0E2411A63B00FF12C9 /* SceneDelegate.swift */,
				EE6EBF122411A63B00FF12C9 /* Main.storyboard */,
				EE6EBF152411A63C00FF12C9 /* Assets.xcassets */,
				EE6EBF172411A63C00FF12C9 /* LaunchScreen.storyboard */,
				EE6EBF1A2411A63C00FF12C9 /* Info.plist */,
				EE032ADD24122D840000E23E /* Extensions.swift */,
				EE0C157E24142D51009B303C /* DataStorage.swift */,
				EE2BE15624136B5D00357A27 /* Customer.swift */,
			);
			path = C0766552_MidTerm_MAD3115W2020;
			sourceTree = "<group>";
		};
		EE6EBF202411AA6A00FF12C9 /* Images */ = {
			isa = PBXGroup;
			children = (
				EE6EBF212411AE7900FF12C9 /* Bill-512.png */,
			);
			path = Images;
			sourceTree = "<group>";
		};
/* End PBXGroup section */

/* Begin PBXNativeTarget section */
		EE6EBF082411A63B00FF12C9 /* C0766552_MidTerm_MAD3115W2020 */ = {
			isa = PBXNativeTarget;
			buildConfigurationList = EE6EBF1D2411A63C00FF12C9 /* Build configuration list for PBXNativeTarget "C0766552_MidTerm_MAD3115W2020" */;
			buildPhases = (
				EE6EBF052411A63B00FF12C9 /* Sources */,
				EE6EBF062411A63B00FF12C9 /* Frameworks */,
				EE6EBF072411A63B00FF12C9 /* Resources */,
			);
			buildRules = (
			);
			dependencies = (
			);
			name = C0766552_MidTerm_MAD3115W2020;
			productName = C0766552_MidTerm_MAD3115W2020;
			productReference = EE6EBF092411A63B00FF12C9 /* C0766552_MidTerm_MAD3115W2020.app */;
			productType = "com.apple.product-type.application";
		};
/* End PBXNativeTarget section */

/* Begin PBXProject section */
		EE6EBF012411A63B00FF12C9 /* Project object */ = {
			isa = PBXProject;
			attributes = {
				LastSwiftUpdateCheck = 1130;
				LastUpgradeCheck = 1130;
				ORGANIZATIONNAME = "Nikita Sandhu";
				TargetAttributes = {
					EE6EBF082411A63B00FF12C9 = {
						CreatedOnToolsVersion = 11.3.1;
					};
				};
			};
			buildConfigurationList = EE6EBF042411A63B00FF12C9 /* Build configuration list for PBXProject "C0766552_MidTerm_MAD3115W2020" */;
			compatibilityVersion = "Xcode 9.3";
			developmentRegion = en;
			hasScannedForEncodings = 0;
			knownRegions = (
				en,
				Base,
			);
			mainGroup = EE6EBF002411A63B00FF12C9;
			productRefGroup = EE6EBF0A2411A63B00FF12C9 /* Products */;
			projectDirPath = "";
			projectRoot = "";
			targets = (
				EE6EBF082411A63B00FF12C9 /* C0766552_MidTerm_MAD3115W2020 */,
			);
		};
/* End PBXProject section */

/* Begin PBXResourcesBuildPhase section */
		EE6EBF072411A63B00FF12C9 /* Resources */ = {
			isa = PBXResourcesBuildPhase;
			buildActionMask = 2147483647;
			files = (
				EE6EBF192411A63C00FF12C9 /* LaunchScreen.storyboard in Resources */,
				EE6EBF162411A63C00FF12C9 /* Assets.xcassets in Resources */,
				EE6EBF142411A63B00FF12C9 /* Main.storyboard in Resources */,
				EE6EBF222411AE7A00FF12C9 /* Bill-512.png in Resources */,
			);
			runOnlyForDeploymentPostprocessing = 0;
		};
/* End PBXResourcesBuildPhase section */

/* Begin PBXSourcesBuildPhase section */
		EE6EBF052411A63B00FF12C9 /* Sources */ = {
			isa = PBXSourcesBuildPhase;
			buildActionMask = 2147483647;
			files = (
				9B4DF3C12416EC9A007F8DC5 /* Hydro.swift in Sources */,
				EE2BE15924136F8000357A27 /* ShowBillDetailsViewController.swift in Sources */,
				9B4DF3BB2416EB73007F8DC5 /* Bill.swift in Sources */,
				EE6EBF242411AEF700FF12C9 /* LoginViewController.swift in Sources */,
				EE032ADE24122D840000E23E /* Extensions.swift in Sources */,
				EE0C157F24142D51009B303C /* DataStorage.swift in Sources */,
				EEB79EEC24132EB700AD0D36 /* CustomerListViewController.swift in Sources */,
				9B4DF3BD2416EBF6007F8DC5 /* Internet.swift in Sources */,
				EE2BE15724136B5D00357A27 /* Customer.swift in Sources */,
				EE0C157D24142387009B303C /* AddNewCustomerViewController.swift in Sources */,
				EE6EBF0D2411A63B00FF12C9 /* AppDelegate.swift in Sources */,
				9B4DF3B92416E991007F8DC5 /* AddNewHydroBillViewController.swift in Sources */,
				9B4DF3BF2416EC66007F8DC5 /* Mobile.swift in Sources */,
				EE6EBF0F2411A63B00FF12C9 /* SceneDelegate.swift in Sources */,
			);
			runOnlyForDeploymentPostprocessing = 0;
		};
/* End PBXSourcesBuildPhase section */

/* Begin PBXVariantGroup section */
		EE6EBF122411A63B00FF12C9 /* Main.storyboard */ = {
			isa = PBXVariantGroup;
			children = (
				EE6EBF132411A63B00FF12C9 /* Base */,
			);
			name = Main.storyboard;
			sourceTree = "<group>";
		};
		EE6EBF172411A63C00FF12C9 /* LaunchScreen.storyboard */ = {
			isa = PBXVariantGroup;
			children = (
				EE6EBF182411A63C00FF12C9 /* Base */,
			);
			name = LaunchScreen.storyboard;
			sourceTree = "<group>";
		};
/* End PBXVariantGroup section */

/* Begin XCBuildConfiguration section */
		EE6EBF1B2411A63C00FF12C9 /* Debug */ = {
			isa = XCBuildConfiguration;
			buildSettings = {
				ALWAYS_SEARCH_USER_PATHS = NO;
				CLANG_ANALYZER_NONNULL = YES;
				CLANG_ANALYZER_NUMBER_OBJECT_CONVERSION = YES_AGGRESSIVE;
				CLANG_CXX_LANGUAGE_STANDARD = "gnu++14";
				CLANG_CXX_LIBRARY = "libc++";
				CLANG_ENABLE_MODULES = YES;
				CLANG_ENABLE_OBJC_ARC = YES;
				CLANG_ENABLE_OBJC_WEAK = YES;
				CLANG_WARN_BLOCK_CAPTURE_AUTORELEASING = YES;
				CLANG_WARN_BOOL_CONVERSION = YES;
				CLANG_WARN_COMMA = YES;
				CLANG_WARN_CONSTANT_CONVERSION = YES;
				CLANG_WARN_DEPRECATED_OBJC_IMPLEMENTATIONS = YES;
				CLANG_WARN_DIRECT_OBJC_ISA_USAGE = YES_ERROR;
				CLANG_WARN_DOCUMENTATION_COMMENTS = YES;
				CLANG_WARN_EMPTY_BODY = YES;
				CLANG_WARN_ENUM_CONVERSION = YES;
				CLANG_WARN_INFINITE_RECURSION = YES;
				CLANG_WARN_INT_CONVERSION = YES;
				CLANG_WARN_NON_LITERAL_NULL_CONVERSION = YES;
				CLANG_WARN_OBJC_IMPLICIT_RETAIN_SELF = YES;
				CLANG_WARN_OBJC_LITERAL_CONVERSION = YES;
				CLANG_WARN_OBJC_ROOT_CLASS = YES_ERROR;
				CLANG_WARN_RANGE_LOOP_ANALYSIS = YES;
				CLANG_WARN_STRICT_PROTOTYPES = YES;
				CLANG_WARN_SUSPICIOUS_MOVE = YES;
				CLANG_WARN_UNGUARDED_AVAILABILITY = YES_AGGRESSIVE;
				CLANG_WARN_UNREACHABLE_CODE = YES;
				CLANG_WARN__DUPLICATE_METHOD_MATCH = YES;
				COPY_PHASE_STRIP = NO;
				DEBUG_INFORMATION_FORMAT = dwarf;
				ENABLE_STRICT_OBJC_MSGSEND = YES;
				ENABLE_TESTABILITY = YES;
				GCC_C_LANGUAGE_STANDARD = gnu11;
				GCC_DYNAMIC_NO_PIC = NO;
				GCC_NO_COMMON_BLOCKS = YES;
				GCC_OPTIMIZATION_LEVEL = 0;
				GCC_PREPROCESSOR_DEFINITIONS = (
					"DEBUG=1",
					"$(inherited)",
				);
				GCC_WARN_64_TO_32_BIT_CONVERSION = YES;
				GCC_WARN_ABOUT_RETURN_TYPE = YES_ERROR;
				GCC_WARN_UNDECLARED_SELECTOR = YES;
				GCC_WARN_UNINITIALIZED_AUTOS = YES_AGGRESSIVE;
				GCC_WARN_UNUSED_FUNCTION = YES;
				GCC_WARN_UNUSED_VARIABLE = YES;
				IPHONEOS_DEPLOYMENT_TARGET = 13.2;
				MTL_ENABLE_DEBUG_INFO = INCLUDE_SOURCE;
				MTL_FAST_MATH = YES;
				ONLY_ACTIVE_ARCH = YES;
				SDKROOT = iphoneos;
				SWIFT_ACTIVE_COMPILATION_CONDITIONS = DEBUG;
				SWIFT_OPTIMIZATION_LEVEL = "-Onone";
			};
			name = Debug;
		};
		EE6EBF1C2411A63C00FF12C9 /* Release */ = {
			isa = XCBuildConfiguration;
			buildSettings = {
				ALWAYS_SEARCH_USER_PATHS = NO;
				CLANG_ANALYZER_NONNULL = YES;
				CLANG_ANALYZER_NUMBER_OBJECT_CONVERSION = YES_AGGRESSIVE;
				CLANG_CXX_LANGUAGE_STANDARD = "gnu++14";
				CLANG_CXX_LIBRARY = "libc++";
				CLANG_ENABLE_MODULES = YES;
				CLANG_ENABLE_OBJC_ARC = YES;
				CLANG_ENABLE_OBJC_WEAK = YES;
				CLANG_WARN_BLOCK_CAPTURE_AUTORELEASING = YES;
				CLANG_WARN_BOOL_CONVERSION = YES;
				CLANG_WARN_COMMA = YES;
				CLANG_WARN_CONSTANT_CONVERSION = YES;
				CLANG_WARN_DEPRECATED_OBJC_IMPLEMENTATIONS = YES;
				CLANG_WARN_DIRECT_OBJC_ISA_USAGE = YES_ERROR;
				CLANG_WARN_DOCUMENTATION_COMMENTS = YES;
				CLANG_WARN_EMPTY_BODY = YES;
				CLANG_WARN_ENUM_CONVERSION = YES;
				CLANG_WARN_INFINITE_RECURSION = YES;
				CLANG_WARN_INT_CONVERSION = YES;
				CLANG_WARN_NON_LITERAL_NULL_CONVERSION = YES;
				CLANG_WARN_OBJC_IMPLICIT_RETAIN_SELF = YES;
				CLANG_WARN_OBJC_LITERAL_CONVERSION = YES;
				CLANG_WARN_OBJC_ROOT_CLASS = YES_ERROR;
				CLANG_WARN_RANGE_LOOP_ANALYSIS = YES;
				CLANG_WARN_STRICT_PROTOTYPES = YES;
				CLANG_WARN_SUSPICIOUS_MOVE = YES;
				CLANG_WARN_UNGUARDED_AVAILABILITY = YES_AGGRESSIVE;
				CLANG_WARN_UNREACHABLE_CODE = YES;
				CLANG_WARN__DUPLICATE_METHOD_MATCH = YES;
				COPY_PHASE_STRIP = NO;
				DEBUG_INFORMATION_FORMAT = "dwarf-with-dsym";
				ENABLE_NS_ASSERTIONS = NO;
				ENABLE_STRICT_OBJC_MSGSEND = YES;
				GCC_C_LANGUAGE_STANDARD = gnu11;
				GCC_NO_COMMON_BLOCKS = YES;
				GCC_WARN_64_TO_32_BIT_CONVERSION = YES;
				GCC_WARN_ABOUT_RETURN_TYPE = YES_ERROR;
				GCC_WARN_UNDECLARED_SELECTOR = YES;
				GCC_WARN_UNINITIALIZED_AUTOS = YES_AGGRESSIVE;
				GCC_WARN_UNUSED_FUNCTION = YES;
				GCC_WARN_UNUSED_VARIABLE = YES;
				IPHONEOS_DEPLOYMENT_TARGET = 13.2;
				MTL_ENABLE_DEBUG_INFO = NO;
				MTL_FAST_MATH = YES;
				SDKROOT = iphoneos;
				SWIFT_COMPILATION_MODE = wholemodule;
				SWIFT_OPTIMIZATION_LEVEL = "-O";
				VALIDATE_PRODUCT = YES;
			};
			name = Release;
		};
		EE6EBF1E2411A63C00FF12C9 /* Debug */ = {
			isa = XCBuildConfiguration;
			buildSettings = {
				ASSETCATALOG_COMPILER_APPICON_NAME = AppIcon;
				CODE_SIGN_STYLE = Automatic;
				DEVELOPMENT_TEAM = K235H574GK;
				INFOPLIST_FILE = C0766552_MidTerm_MAD3115W2020/Info.plist;
				LD_RUNPATH_SEARCH_PATHS = (
					"$(inherited)",
					"@executable_path/Frameworks",
				);
				PRODUCT_BUNDLE_IDENTIFIER = "com.lambton.C0766552-MidTerm-MAD3115W2020";
				PRODUCT_NAME = "$(TARGET_NAME)";
				SWIFT_VERSION = 5.0;
				TARGETED_DEVICE_FAMILY = "1,2";
			};
			name = Debug;
		};
		EE6EBF1F2411A63C00FF12C9 /* Release */ = {
			isa = XCBuildConfiguration;
			buildSettings = {
				ASSETCATALOG_COMPILER_APPICON_NAME = AppIcon;
				CODE_SIGN_STYLE = Automatic;
				DEVELOPMENT_TEAM = K235H574GK;
				INFOPLIST_FILE = C0766552_MidTerm_MAD3115W2020/Info.plist;
				LD_RUNPATH_SEARCH_PATHS = (
					"$(inherited)",
					"@executable_path/Frameworks",
				);
				PRODUCT_BUNDLE_IDENTIFIER = "com.lambton.C0766552-MidTerm-MAD3115W2020";
				PRODUCT_NAME = "$(TARGET_NAME)";
				SWIFT_VERSION = 5.0;
				TARGETED_DEVICE_FAMILY = "1,2";
			};
			name = Release;
		};
/* End XCBuildConfiguration section */

/* Begin XCConfigurationList section */
		EE6EBF042411A63B00FF12C9 /* Build configuration list for PBXProject "C0766552_MidTerm_MAD3115W2020" */ = {
			isa = XCConfigurationList;
			buildConfigurations = (
				EE6EBF1B2411A63C00FF12C9 /* Debug */,
				EE6EBF1C2411A63C00FF12C9 /* Release */,
			);
			defaultConfigurationIsVisible = 0;
			defaultConfigurationName = Release;
		};
		EE6EBF1D2411A63C00FF12C9 /* Build configuration list for PBXNativeTarget "C0766552_MidTerm_MAD3115W2020" */ = {
			isa = XCConfigurationList;
			buildConfigurations = (
				EE6EBF1E2411A63C00FF12C9 /* Debug */,
				EE6EBF1F2411A63C00FF12C9 /* Release */,
			);
			defaultConfigurationIsVisible = 0;
			defaultConfigurationName = Release;
		};
/* End XCConfigurationList section */
	};
	rootObject = EE6EBF012411A63B00FF12C9 /* Project object */;
}
